
Microsoft Visual Studio Solution File, Format Version 12.00
# Visual Studio Version 16
VisualStudioVersion = 16.0.30804.86
MinimumVisualStudioVersion = 10.0.40219.1
Project("{9A19103F-16F7-4668-BE54-9A1E7A4F7556}") = "FinsitHomeAssigment", "FinsitHomeAssigment\FinsitHomeAssigment.csproj", "{4CA0DD2E-370A-4161-A70E-C4F960736533}"
EndProject
Project("{9A19103F-16F7-4668-BE54-9A1E7A4F7556}") = "FinsitHomeAssigment.Core", "FinsitHomeAssigment.Core\FinsitHomeAssigment.Core.csproj", "{480E3B51-11A6-4461-8D8A-2932123262A4}"
EndProject
Project("{FAE04EC0-301F-11D3-BF4B-00C04F79EFBC}") = "FinsitHomeAssigment.Core.UnitTests", "FinsitHomeAssigment.Core.UnitTests\FinsitHomeAssigment.Core.UnitTests.csproj", "{C4E5984E-78A2-4D21-AAE7-FE1F2338C0A5}"
EndProject
Global
	GlobalSection(SolutionConfigurationPlatforms) = preSolution
		Debug|Any CPU = Debug|Any CPU
		Release|Any CPU = Release|Any CPU
	EndGlobalSection
	GlobalSection(ProjectConfigurationPlatforms) = postSolution
		{4CA0DD2E-370A-4161-A70E-C4F960736533}.Debug|Any CPU.ActiveCfg = Debug|Any CPU
		{4CA0DD2E-370A-4161-A70E-C4F960736533}.Debug|Any CPU.Build.0 = Debug|Any CPU
		{4CA0DD2E-370A-4161-A70E-C4F960736533}.Release|Any CPU.ActiveCfg = Release|Any CPU
		{4CA0DD2E-370A-4161-A70E-C4F960736533}.Release|Any CPU.Build.0 = Release|Any CPU
		{480E3B51-11A6-4461-8D8A-2932123262A4}.Debug|Any CPU.ActiveCfg = Debug|Any CPU
		{480E3B51-11A6-4461-8D8A-2932123262A4}.Debug|Any CPU.Build.0 = Debug|Any CPU
		{480E3B51-11A6-4461-8D8A-2932123262A4}.Release|Any CPU.ActiveCfg = Release|Any CPU
		{480E3B51-11A6-4461-8D8A-2932123262A4}.Release|Any CPU.Build.0 = Release|Any CPU
		{C4E5984E-78A2-4D21-AAE7-FE1F2338C0A5}.Debug|Any CPU.ActiveCfg = Debug|Any CPU
		{C4E5984E-78A2-4D21-AAE7-FE1F2338C0A5}.Debug|Any CPU.Build.0 = Debug|Any CPU
		{C4E5984E-78A2-4D21-AAE7-FE1F2338C0A5}.Release|Any CPU.ActiveCfg = Release|Any CPU
		{C4E5984E-78A2-4D21-AAE7-FE1F2338C0A5}.Release|Any CPU.Build.0 = Release|Any CPU
	EndGlobalSection
	GlobalSection(SolutionProperties) = preSolution
		HideSolutionNode = FALSE
	EndGlobalSection
	GlobalSection(ExtensibilityGlobals) = postSolution
		SolutionGuid = {A46BA05E-9384-4DE4-8AA3-37BC1F827584}
	EndGlobalSection
EndGlobal
